<?xml version="1.0" encoding="utf-8"?>
<Project ToolsVersion="4.0" xmlns="http://schemas.microsoft.com/developer/msbuild/2003">
  <ItemGroup>
    <Filter Include="Source Files">
      <UniqueIdentifier>{4FC737F1-C7A5-4376-A066-2A32D752A2FF}</UniqueIdentifier>
      <Extensions>cpp;c;cc;cxx;def;odl;idl;hpj;bat;asm;asmx</Extensions>
    </Filter>
    <Filter Include="Header Files">
      <UniqueIdentifier>{93995380-89BD-4b04-88EB-625FBE52EBFB}</UniqueIdentifier>
      <Extensions>h;hpp;hxx;hm;inl;inc;xsd</Extensions>
    </Filter>
    <Filter Include="Resource Files">
      <UniqueIdentifier>{67DA6AB6-F800-4c08-8B7A-83BB121AAD01}</UniqueIdentifier>
      <Extensions>rc;ico;cur;bmp;dlg;rc2;rct;bin;rgs;gif;jpg;jpeg;jpe;resx;tiff;tif;png;wav</Extensions>
    </Filter>
    <Filter Include="MyCode">
      <UniqueIdentifier>{0e51b5c4-56c0-47bf-aff0-6076682b583a}</UniqueIdentifier>
    </Filter>
  </ItemGroup>
  <ItemGroup>
    <ClCompile Include="src\main.cpp">
      <Filter>Source Files</Filter>
    </ClCompile>
    <ClCompile Include="include\ai\PowerUp.h">
      <Filter>Header Files</Filter>
    </ClCompile>
    <ClCompile Include="AStarAlgorithm.cpp">
      <Filter>MyCode</Filter>
    </ClCompile>
    <ClCompile Include="Goal.cpp">
      <Filter>MyCode</Filter>
    </ClCompile>
    <ClCompile Include="GoalComposite.cpp">
      <Filter>MyCode</Filter>
    </ClCompile>
    <ClCompile Include="GoalEvaluator.cpp">
      <Filter>MyCode</Filter>
    </ClCompile>
    <ClCompile Include="GoalFollowPath.cpp">
      <Filter>MyCode</Filter>
    </ClCompile>
    <ClCompile Include="GoalMoveToPosition.cpp">
      <Filter>MyCode</Filter>
    </ClCompile>
    <ClCompile Include="GoalThink.cpp">
      <Filter>MyCode</Filter>
    </ClCompile>
    <ClCompile Include="GoalTraverseEdge.cpp">
      <Filter>MyCode</Filter>
    </ClCompile>
    <ClCompile Include="GoalType.cpp">
      <Filter>MyCode</Filter>
    </ClCompile>
    <ClCompile Include="MyTank.cpp">
      <Filter>MyCode</Filter>
    </ClCompile>
    <ClCompile Include="Node.cpp">
      <Filter>MyCode</Filter>
    </ClCompile>
    <ClCompile Include="PathPlanner.cpp">
      <Filter>MyCode</Filter>
    </ClCompile>
    <ClCompile Include="SteeringBehavior.cpp">
      <Filter>MyCode</Filter>
    </ClCompile>
    <ClCompile Include="TargetingSystem.cpp">
      <Filter>MyCode</Filter>
    </ClCompile>
    <ClCompile Include="VisionRecord.cpp">
      <Filter>MyCode</Filter>
    </ClCompile>
    <ClCompile Include="VisionSystem.cpp">
      <Filter>MyCode</Filter>
    </ClCompile>
    <ClCompile Include="GoalHuntEnemy.cpp">
      <Filter>Source Files</Filter>
    </ClCompile>
    <ClCompile Include="GoalDodgeBullet.cpp">
      <Filter>Source Files</Filter>
    </ClCompile>
    <ClCompile Include="EvaluatorDodgeBullet.cpp">
      <Filter>Source Files</Filter>
    </ClCompile>
    <ClCompile Include="Regulator.cpp">
      <Filter>Source Files</Filter>
    </ClCompile>
    <ClCompile Include="Globals.cpp">
      <Filter>Source Files</Filter>
    </ClCompile>
    <ClCompile Include="GoalAtackMainBase.cpp">
      <Filter>Source Files</Filter>
    </ClCompile>
    <ClCompile Include="GoalAttackSideBase.cpp">
      <Filter>Source Files</Filter>
    </ClCompile>
    <ClCompile Include="GoalDefendBase.cpp">
      <Filter>Source Files</Filter>
    </ClCompile>
    <ClCompile Include="EvaluationPosition.cpp">
      <Filter>Source Files</Filter>
    </ClCompile>
    <ClCompile Include="EvaluatorHuntEnemy.cpp">
      <Filter>Source Files</Filter>
    </ClCompile>
    <ClCompile Include="EvaluatorAttackMainBase.cpp">
      <Filter>Source Files</Filter>
    </ClCompile>
  </ItemGroup>
  <ItemGroup>
    <ClInclude Include="include\ai\AI.h">
      <Filter>Header Files</Filter>
    </ClInclude>
    <ClInclude Include="include\ai\defines.h">
      <Filter>Header Files</Filter>
    </ClInclude>
    <ClInclude Include="include\ai\Game.h">
      <Filter>Header Files</Filter>
    </ClInclude>
    <ClInclude Include="include\ai\Bullet.h">
      <Filter>Header Files</Filter>
    </ClInclude>
    <ClInclude Include="include\ai\Obstacle.h">
      <Filter>Header Files</Filter>
    </ClInclude>
    <ClInclude Include="include\ai\Tank.h">
      <Filter>Header Files</Filter>
    </ClInclude>
    <ClInclude Include="include\ai\ClientCommand.h">
      <Filter>Header Files</Filter>
    </ClInclude>
    <ClInclude Include="include\ai\Base.h">
      <Filter>Header Files</Filter>
    </ClInclude>
    <ClInclude Include="include\ai\Helper.h">
      <Filter>Header Files</Filter>
    </ClInclude>
    <ClInclude Include="include\ai\Strike.h">
      <Filter>Header Files</Filter>
    </ClInclude>
    <ClInclude Include="AStarAlgorithm.h">
      <Filter>MyCode</Filter>
    </ClInclude>
    <ClInclude Include="Goal.h">
      <Filter>MyCode</Filter>
    </ClInclude>
    <ClInclude Include="GoalComposite.h">
      <Filter>MyCode</Filter>
    </ClInclude>
    <ClInclude Include="GoalEvaluator.h">
      <Filter>MyCode</Filter>
    </ClInclude>
    <ClInclude Include="GoalFollowPath.h">
      <Filter>MyCode</Filter>
    </ClInclude>
    <ClInclude Include="GoalMoveToPosition.h">
      <Filter>MyCode</Filter>
    </ClInclude>
    <ClInclude Include="GoalThink.h">
      <Filter>MyCode</Filter>
    </ClInclude>
    <ClInclude Include="GoalTraverseEdge.h">
      <Filter>MyCode</Filter>
    </ClInclude>
    <ClInclude Include="GoalType.h">
      <Filter>MyCode</Filter>
    </ClInclude>
    <ClInclude Include="MyTank.h">
      <Filter>MyCode</Filter>
    </ClInclude>
    <ClInclude Include="Node.h">
      <Filter>MyCode</Filter>
    </ClInclude>
    <ClInclude Include="PathEdge.h">
      <Filter>MyCode</Filter>
    </ClInclude>
    <ClInclude Include="PathPlanner.h">
      <Filter>MyCode</Filter>
    </ClInclude>
    <ClInclude Include="SteeringBehavior.h">
      <Filter>MyCode</Filter>
    </ClInclude>
    <ClInclude Include="TargetingSystem.h">
      <Filter>MyCode</Filter>
    </ClInclude>
    <ClInclude Include="VisionRecord.h">
      <Filter>MyCode</Filter>
    </ClInclude>
    <ClInclude Include="VisionSystem.h">
      <Filter>MyCode</Filter>
    </ClInclude>
    <ClInclude Include="GoalHuntEnemy.h">
      <Filter>Header Files</Filter>
    </ClInclude>
    <ClInclude Include="HelperFunctions.h">
      <Filter>MyCode</Filter>
    </ClInclude>
    <ClInclude Include="GoalDodgeBullet.h">
      <Filter>Header Files</Filter>
    </ClInclude>
    <ClInclude Include="EvaluatorDodgeBullet.h">
      <Filter>Header Files</Filter>
    </ClInclude>
    <ClInclude Include="Regulator.h">
      <Filter>Header Files</Filter>
    </ClInclude>
    <ClInclude Include="Globals.h">
      <Filter>Header Files</Filter>
    </ClInclude>
    <ClInclude Include="GoalAtackMainBase.h">
      <Filter>Header Files</Filter>
    </ClInclude>
    <ClInclude Include="GoalAttackSideBase.h">
      <Filter>Header Files</Filter>
    </ClInclude>
    <ClInclude Include="GoalDefendBase.h">
      <Filter>Header Files</Filter>
    </ClInclude>
    <ClInclude Include="EvaluationPosition.h">
      <Filter>Header Files</Filter>
    </ClInclude>
    <ClInclude Include="EvaluatorHuntEnemy.h">
      <Filter>Header Files</Filter>
    </ClInclude>
    <ClInclude Include="EvaluatorAttackMainBase.h">
      <Filter>Header Files</Filter>
    </ClInclude>
  </ItemGroup>
</Project>